
Microsoft Visual Studio Solution File, Format Version 12.00
# Visual Studio 15
Project("{FAE04EC0-301F-11D3-BF4B-00C04F79EFBC}") = "Assembly-CSharp", "Assembly-CSharp.csproj", "{C9E2AFA0-94E1-1BF9-0515-BD5D1E5F7BE0}"
EndProject
Project("{FAE04EC0-301F-11D3-BF4B-00C04F79EFBC}") = "SteamVR", "SteamVR.csproj", "{210B791C-26AE-82CA-0C02-3C6801337699}"
EndProject
Project("{FAE04EC0-301F-11D3-BF4B-00C04F79EFBC}") = "SteamVR_Actions", "SteamVR_Actions.csproj", "{66586139-B305-5AA1-2CB6-CE3F3B764568}"
EndProject
Project("{FAE04EC0-301F-11D3-BF4B-00C04F79EFBC}") = "Assembly-CSharp-firstpass", "Assembly-CSharp-firstpass.csproj", "{F4E6053F-BC38-B73A-6DCA-F31E32D5853B}"
EndProject
Project("{FAE04EC0-301F-11D3-BF4B-00C04F79EFBC}") = "SteamVR_Editor", "SteamVR_Editor.csproj", "{8EC6C150-B64D-CDCA-687C-A76AB8EDE0EA}"
EndProject
Project("{FAE04EC0-301F-11D3-BF4B-00C04F79EFBC}") = "Assembly-CSharp-Editor", "Assembly-CSharp-Editor.csproj", "{F04D5C04-82F7-1537-E1D3-61496621D5C5}"
EndProject
Project("{FAE04EC0-301F-11D3-BF4B-00C04F79EFBC}") = "SteamVR_Input_Editor", "SteamVR_Input_Editor.csproj", "{C6114E86-8758-77ED-DD2C-05975D6BB7F9}"
EndProject
Project("{FAE04EC0-301F-11D3-BF4B-00C04F79EFBC}") = "SteamVR_Windows_EditorHelper", "SteamVR_Windows_EditorHelper.csproj", "{B350723F-96E9-D578-8162-78F115C39C3C}"
EndProject
Global
	GlobalSection(SolutionConfigurationPlatforms) = preSolution
		Debug|Any CPU = Debug|Any CPU
		Release|Any CPU = Release|Any CPU
	EndGlobalSection
	GlobalSection(ProjectConfigurationPlatforms) = postSolution
		{C9E2AFA0-94E1-1BF9-0515-BD5D1E5F7BE0}.Debug|Any CPU.ActiveCfg = Debug|Any CPU
		{C9E2AFA0-94E1-1BF9-0515-BD5D1E5F7BE0}.Debug|Any CPU.Build.0 = Debug|Any CPU
		{C9E2AFA0-94E1-1BF9-0515-BD5D1E5F7BE0}.Release|Any CPU.ActiveCfg = Release|Any CPU
		{C9E2AFA0-94E1-1BF9-0515-BD5D1E5F7BE0}.Release|Any CPU.Build.0 = Release|Any CPU
		{210B791C-26AE-82CA-0C02-3C6801337699}.Debug|Any CPU.ActiveCfg = Debug|Any CPU
		{210B791C-26AE-82CA-0C02-3C6801337699}.Debug|Any CPU.Build.0 = Debug|Any CPU
		{210B791C-26AE-82CA-0C02-3C6801337699}.Release|Any CPU.ActiveCfg = Release|Any CPU
		{210B791C-26AE-82CA-0C02-3C6801337699}.Release|Any CPU.Build.0 = Release|Any CPU
		{66586139-B305-5AA1-2CB6-CE3F3B764568}.Debug|Any CPU.ActiveCfg = Debug|Any CPU
		{66586139-B305-5AA1-2CB6-CE3F3B764568}.Debug|Any CPU.Build.0 = Debug|Any CPU
		{66586139-B305-5AA1-2CB6-CE3F3B764568}.Release|Any CPU.ActiveCfg = Release|Any CPU
		{66586139-B305-5AA1-2CB6-CE3F3B764568}.Release|Any CPU.Build.0 = Release|Any CPU
		{F4E6053F-BC38-B73A-6DCA-F31E32D5853B}.Debug|Any CPU.ActiveCfg = Debug|Any CPU
		{F4E6053F-BC38-B73A-6DCA-F31E32D5853B}.Debug|Any CPU.Build.0 = Debug|Any CPU
		{F4E6053F-BC38-B73A-6DCA-F31E32D5853B}.Release|Any CPU.ActiveCfg = Release|Any CPU
		{F4E6053F-BC38-B73A-6DCA-F31E32D5853B}.Release|Any CPU.Build.0 = Release|Any CPU
		{8EC6C150-B64D-CDCA-687C-A76AB8EDE0EA}.Debug|Any CPU.ActiveCfg = Debug|Any CPU
		{8EC6C150-B64D-CDCA-687C-A76AB8EDE0EA}.Debug|Any CPU.Build.0 = Debug|Any CPU
		{8EC6C150-B64D-CDCA-687C-A76AB8EDE0EA}.Release|Any CPU.ActiveCfg = Release|Any CPU
		{8EC6C150-B64D-CDCA-687C-A76AB8EDE0EA}.Release|Any CPU.Build.0 = Release|Any CPU
		{F04D5C04-82F7-1537-E1D3-61496621D5C5}.Debug|Any CPU.ActiveCfg = Debug|Any CPU
		{F04D5C04-82F7-1537-E1D3-61496621D5C5}.Debug|Any CPU.Build.0 = Debug|Any CPU
		{F04D5C04-82F7-1537-E1D3-61496621D5C5}.Release|Any CPU.ActiveCfg = Release|Any CPU
		{F04D5C04-82F7-1537-E1D3-61496621D5C5}.Release|Any CPU.Build.0 = Release|Any CPU
		{C6114E86-8758-77ED-DD2C-05975D6BB7F9}.Debug|Any CPU.ActiveCfg = Debug|Any CPU
		{C6114E86-8758-77ED-DD2C-05975D6BB7F9}.Debug|Any CPU.Build.0 = Debug|Any CPU
		{C6114E86-8758-77ED-DD2C-05975D6BB7F9}.Release|Any CPU.ActiveCfg = Release|Any CPU
		{C6114E86-8758-77ED-DD2C-05975D6BB7F9}.Release|Any CPU.Build.0 = Release|Any CPU
		{B350723F-96E9-D578-8162-78F115C39C3C}.Debug|Any CPU.ActiveCfg = Debug|Any CPU
		{B350723F-96E9-D578-8162-78F115C39C3C}.Debug|Any CPU.Build.0 = Debug|Any CPU
		{B350723F-96E9-D578-8162-78F115C39C3C}.Release|Any CPU.ActiveCfg = Release|Any CPU
		{B350723F-96E9-D578-8162-78F115C39C3C}.Release|Any CPU.Build.0 = Release|Any CPU
	EndGlobalSection
	GlobalSection(SolutionProperties) = preSolution
		HideSolutionNode = FALSE
	EndGlobalSection
EndGlobal
