
Microsoft Visual Studio Solution File, Format Version 12.00
# Visual Studio 15
Project("{FAE04EC0-301F-11D3-BF4B-00C04F79EFBC}") = "Assembly-CSharp", "Assembly-CSharp.csproj", "{04593559-8E7A-8360-B7CB-9F84DFF9CB15}"
EndProject
Project("{FAE04EC0-301F-11D3-BF4B-00C04F79EFBC}") = "SteamVR", "SteamVR.csproj", "{F1D00A41-DF65-8F9F-9C92-308EE956CA5A}"
EndProject
Project("{FAE04EC0-301F-11D3-BF4B-00C04F79EFBC}") = "SteamVR_Actions", "SteamVR_Actions.csproj", "{B984ACCB-1F80-DC29-D866-F5F1D7951FE7}"
EndProject
Project("{FAE04EC0-301F-11D3-BF4B-00C04F79EFBC}") = "Assembly-CSharp-firstpass", "Assembly-CSharp-firstpass.csproj", "{0765160A-F7F1-2160-0DC1-414CC2F4B772}"
EndProject
Project("{FAE04EC0-301F-11D3-BF4B-00C04F79EFBC}") = "SteamVR_Editor", "SteamVR_Editor.csproj", "{A7E70388-05B5-E29A-6D72-83CC132BB796}"
EndProject
Project("{FAE04EC0-301F-11D3-BF4B-00C04F79EFBC}") = "Assembly-CSharp-Editor", "Assembly-CSharp-Editor.csproj", "{9DF79C5B-0C92-4B8D-707E-6C770090DBBF}"
EndProject
Project("{FAE04EC0-301F-11D3-BF4B-00C04F79EFBC}") = "SteamVR_Input_Editor", "SteamVR_Input_Editor.csproj", "{31A04C4A-5625-C316-9860-72887CB9158B}"
EndProject
Project("{FAE04EC0-301F-11D3-BF4B-00C04F79EFBC}") = "SteamVR_Windows_EditorHelper", "SteamVR_Windows_EditorHelper.csproj", "{FB6FB54F-A9CC-39FC-DF90-7DBB3B00D9B2}"
EndProject
Global
	GlobalSection(SolutionConfigurationPlatforms) = preSolution
		Debug|Any CPU = Debug|Any CPU
		Release|Any CPU = Release|Any CPU
	EndGlobalSection
	GlobalSection(ProjectConfigurationPlatforms) = postSolution
		{04593559-8E7A-8360-B7CB-9F84DFF9CB15}.Debug|Any CPU.ActiveCfg = Debug|Any CPU
		{04593559-8E7A-8360-B7CB-9F84DFF9CB15}.Debug|Any CPU.Build.0 = Debug|Any CPU
		{04593559-8E7A-8360-B7CB-9F84DFF9CB15}.Release|Any CPU.ActiveCfg = Release|Any CPU
		{04593559-8E7A-8360-B7CB-9F84DFF9CB15}.Release|Any CPU.Build.0 = Release|Any CPU
		{F1D00A41-DF65-8F9F-9C92-308EE956CA5A}.Debug|Any CPU.ActiveCfg = Debug|Any CPU
		{F1D00A41-DF65-8F9F-9C92-308EE956CA5A}.Debug|Any CPU.Build.0 = Debug|Any CPU
		{F1D00A41-DF65-8F9F-9C92-308EE956CA5A}.Release|Any CPU.ActiveCfg = Release|Any CPU
		{F1D00A41-DF65-8F9F-9C92-308EE956CA5A}.Release|Any CPU.Build.0 = Release|Any CPU
		{B984ACCB-1F80-DC29-D866-F5F1D7951FE7}.Debug|Any CPU.ActiveCfg = Debug|Any CPU
		{B984ACCB-1F80-DC29-D866-F5F1D7951FE7}.Debug|Any CPU.Build.0 = Debug|Any CPU
		{B984ACCB-1F80-DC29-D866-F5F1D7951FE7}.Release|Any CPU.ActiveCfg = Release|Any CPU
		{B984ACCB-1F80-DC29-D866-F5F1D7951FE7}.Release|Any CPU.Build.0 = Release|Any CPU
		{0765160A-F7F1-2160-0DC1-414CC2F4B772}.Debug|Any CPU.ActiveCfg = Debug|Any CPU
		{0765160A-F7F1-2160-0DC1-414CC2F4B772}.Debug|Any CPU.Build.0 = Debug|Any CPU
		{0765160A-F7F1-2160-0DC1-414CC2F4B772}.Release|Any CPU.ActiveCfg = Release|Any CPU
		{0765160A-F7F1-2160-0DC1-414CC2F4B772}.Release|Any CPU.Build.0 = Release|Any CPU
		{A7E70388-05B5-E29A-6D72-83CC132BB796}.Debug|Any CPU.ActiveCfg = Debug|Any CPU
		{A7E70388-05B5-E29A-6D72-83CC132BB796}.Debug|Any CPU.Build.0 = Debug|Any CPU
		{A7E70388-05B5-E29A-6D72-83CC132BB796}.Release|Any CPU.ActiveCfg = Release|Any CPU
		{A7E70388-05B5-E29A-6D72-83CC132BB796}.Release|Any CPU.Build.0 = Release|Any CPU
		{9DF79C5B-0C92-4B8D-707E-6C770090DBBF}.Debug|Any CPU.ActiveCfg = Debug|Any CPU
		{9DF79C5B-0C92-4B8D-707E-6C770090DBBF}.Debug|Any CPU.Build.0 = Debug|Any CPU
		{9DF79C5B-0C92-4B8D-707E-6C770090DBBF}.Release|Any CPU.ActiveCfg = Release|Any CPU
		{9DF79C5B-0C92-4B8D-707E-6C770090DBBF}.Release|Any CPU.Build.0 = Release|Any CPU
		{31A04C4A-5625-C316-9860-72887CB9158B}.Debug|Any CPU.ActiveCfg = Debug|Any CPU
		{31A04C4A-5625-C316-9860-72887CB9158B}.Debug|Any CPU.Build.0 = Debug|Any CPU
		{31A04C4A-5625-C316-9860-72887CB9158B}.Release|Any CPU.ActiveCfg = Release|Any CPU
		{31A04C4A-5625-C316-9860-72887CB9158B}.Release|Any CPU.Build.0 = Release|Any CPU
		{FB6FB54F-A9CC-39FC-DF90-7DBB3B00D9B2}.Debug|Any CPU.ActiveCfg = Debug|Any CPU
		{FB6FB54F-A9CC-39FC-DF90-7DBB3B00D9B2}.Debug|Any CPU.Build.0 = Debug|Any CPU
		{FB6FB54F-A9CC-39FC-DF90-7DBB3B00D9B2}.Release|Any CPU.ActiveCfg = Release|Any CPU
		{FB6FB54F-A9CC-39FC-DF90-7DBB3B00D9B2}.Release|Any CPU.Build.0 = Release|Any CPU
	EndGlobalSection
	GlobalSection(SolutionProperties) = preSolution
		HideSolutionNode = FALSE
	EndGlobalSection
EndGlobal
